// !$*UTF8*$!
{
	archiveVersion = 1;
	classes = {
	};
	objectVersion = 50;
	objects = {

/* Begin PBXBuildFile section */
		76BE7D2B23F0B0D20005C90A /* AppDelegate.swift in Sources */ = {isa = PBXBuildFile; fileRef = 76BE7D2A23F0B0D20005C90A /* AppDelegate.swift */; };
		76BE7D2D23F0B0D20005C90A /* ViewController.swift in Sources */ = {isa = PBXBuildFile; fileRef = 76BE7D2C23F0B0D20005C90A /* ViewController.swift */; };
		76BE7D3023F0B0D20005C90A /* Main.storyboard in Resources */ = {isa = PBXBuildFile; fileRef = 76BE7D2E23F0B0D20005C90A /* Main.storyboard */; };
		76BE7D3223F0B0D30005C90A /* Assets.xcassets in Resources */ = {isa = PBXBuildFile; fileRef = 76BE7D3123F0B0D30005C90A /* Assets.xcassets */; };
		76BE7D3523F0B0D30005C90A /* LaunchScreen.storyboard in Resources */ = {isa = PBXBuildFile; fileRef = 76BE7D3323F0B0D30005C90A /* LaunchScreen.storyboard */; };
		76BE7D4023F0B0D30005C90A /* Twitter_CloneTests.swift in Sources */ = {isa = PBXBuildFile; fileRef = 76BE7D3F23F0B0D30005C90A /* Twitter_CloneTests.swift */; };
		76BE7D4B23F0B0D30005C90A /* Twitter_CloneUITests.swift in Sources */ = {isa = PBXBuildFile; fileRef = 76BE7D4A23F0B0D30005C90A /* Twitter_CloneUITests.swift */; };
/* End PBXBuildFile section */

/* Begin PBXContainerItemProxy section */
		76BE7D3C23F0B0D30005C90A /* PBXContainerItemProxy */ = {
			isa = PBXContainerItemProxy;
			containerPortal = 76BE7D1F23F0B0D20005C90A /* Project object */;
			proxyType = 1;
			remoteGlobalIDString = 76BE7D2623F0B0D20005C90A;
			remoteInfo = Twitter_Clone;
		};
		76BE7D4723F0B0D30005C90A /* PBXContainerItemProxy */ = {
			isa = PBXContainerItemProxy;
			containerPortal = 76BE7D1F23F0B0D20005C90A /* Project object */;
			proxyType = 1;
			remoteGlobalIDString = 76BE7D2623F0B0D20005C90A;
			remoteInfo = Twitter_Clone;
		};
/* End PBXContainerItemProxy section */

/* Begin PBXFileReference section */
		76BE7D2723F0B0D20005C90A /* Twitter_Clone.app */ = {isa = PBXFileReference; explicitFileType = wrapper.application; includeInIndex = 0; path = Twitter_Clone.app; sourceTree = BUILT_PRODUCTS_DIR; };
		76BE7D2A23F0B0D20005C90A /* AppDelegate.swift */ = {isa = PBXFileReference; lastKnownFileType = sourcecode.swift; path = AppDelegate.swift; sourceTree = "<group>"; };
		76BE7D2C23F0B0D20005C90A /* ViewController.swift */ = {isa = PBXFileReference; lastKnownFileType = sourcecode.swift; path = ViewController.swift; sourceTree = "<group>"; };
		76BE7D2F23F0B0D20005C90A /* Base */ = {isa = PBXFileReference; lastKnownFileType = file.storyboard; name = Base; path = Base.lproj/Main.storyboard; sourceTree = "<group>"; };
		76BE7D3123F0B0D30005C90A /* Assets.xcassets */ = {isa = PBXFileReference; lastKnownFileType = folder.assetcatalog; path = Assets.xcassets; sourceTree = "<group>"; };
		76BE7D3423F0B0D30005C90A /* Base */ = {isa = PBXFileReference; lastKnownFileType = file.storyboard; name = Base; path = Base.lproj/LaunchScreen.storyboard; sourceTree = "<group>"; };
		76BE7D3623F0B0D30005C90A /* Info.plist */ = {isa = PBXFileReference; lastKnownFileType = text.plist.xml; path = Info.plist; sourceTree = "<group>"; };
		76BE7D3B23F0B0D30005C90A /* Twitter_CloneTests.xctest */ = {isa = PBXFileReference; explicitFileType = wrapper.cfbundle; includeInIndex = 0; path = Twitter_CloneTests.xctest; sourceTree = BUILT_PRODUCTS_DIR; };
		76BE7D3F23F0B0D30005C90A /* Twitter_CloneTests.swift */ = {isa = PBXFileReference; lastKnownFileType = sourcecode.swift; path = Twitter_CloneTests.swift; sourceTree = "<group>"; };
		76BE7D4123F0B0D30005C90A /* Info.plist */ = {isa = PBXFileReference; lastKnownFileType = text.plist.xml; path = Info.plist; sourceTree = "<group>"; };
		76BE7D4623F0B0D30005C90A /* Twitter_CloneUITests.xctest */ = {isa = PBXFileReference; explicitFileType = wrapper.cfbundle; includeInIndex = 0; path = Twitter_CloneUITests.xctest; sourceTree = BUILT_PRODUCTS_DIR; };
		76BE7D4A23F0B0D30005C90A /* Twitter_CloneUITests.swift */ = {isa = PBXFileReference; lastKnownFileType = sourcecode.swift; path = Twitter_CloneUITests.swift; sourceTree = "<group>"; };
		76BE7D4C23F0B0D30005C90A /* Info.plist */ = {isa = PBXFileReference; lastKnownFileType = text.plist.xml; path = Info.plist; sourceTree = "<group>"; };
/* End PBXFileReference section */

/* Begin PBXFrameworksBuildPhase section */
		76BE7D2423F0B0D20005C90A /* Frameworks */ = {
			isa = PBXFrameworksBuildPhase;
			buildActionMask = 2147483647;
			files = (
			);
			runOnlyForDeploymentPostprocessing = 0;
		};
		76BE7D3823F0B0D30005C90A /* Frameworks */ = {
			isa = PBXFrameworksBuildPhase;
			buildActionMask = 2147483647;
			files = (
			);
			runOnlyForDeploymentPostprocessing = 0;
		};
		76BE7D4323F0B0D30005C90A /* Frameworks */ = {
			isa = PBXFrameworksBuildPhase;
			buildActionMask = 2147483647;
			files = (
			);
			runOnlyForDeploymentPostprocessing = 0;
		};
/* End PBXFrameworksBuildPhase section */

/* Begin PBXGroup section */
		76BE7D1E23F0B0D20005C90A = {
			isa = PBXGroup;
			children = (
				76BE7D2923F0B0D20005C90A /* Twitter_Clone */,
				76BE7D3E23F0B0D30005C90A /* Twitter_CloneTests */,
				76BE7D4923F0B0D30005C90A /* Twitter_CloneUITests */,
				76BE7D2823F0B0D20005C90A /* Products */,
			);
			sourceTree = "<group>";
		};
		76BE7D2823F0B0D20005C90A /* Products */ = {
			isa = PBXGroup;
			children = (
				76BE7D2723F0B0D20005C90A /* Twitter_Clone.app */,
				76BE7D3B23F0B0D30005C90A /* Twitter_CloneTests.xctest */,
				76BE7D4623F0B0D30005C90A /* Twitter_CloneUITests.xctest */,
			);
			name = Products;
			sourceTree = "<group>";
		};
		76BE7D2923F0B0D20005C90A /* Twitter_Clone */ = {
			isa = PBXGroup;
			children = (
				76BE7D2A23F0B0D20005C90A /* AppDelegate.swift */,
				76BE7D2C23F0B0D20005C90A /* ViewController.swift */,
				76BE7D2E23F0B0D20005C90A /* Main.storyboard */,
				76BE7D3123F0B0D30005C90A /* Assets.xcassets */,
				76BE7D3323F0B0D30005C90A /* LaunchScreen.storyboard */,
				76BE7D3623F0B0D30005C90A /* Info.plist */,
			);
			path = Twitter_Clone;
			sourceTree = "<group>";
		};
		76BE7D3E23F0B0D30005C90A /* Twitter_CloneTests */ = {
			isa = PBXGroup;
			children = (
				76BE7D3F23F0B0D30005C90A /* Twitter_CloneTests.swift */,
				76BE7D4123F0B0D30005C90A /* Info.plist */,
			);
			path = Twitter_CloneTests;
			sourceTree = "<group>";
		};
		76BE7D4923F0B0D30005C90A /* Twitter_CloneUITests */ = {
			isa = PBXGroup;
			children = (
				76BE7D4A23F0B0D30005C90A /* Twitter_CloneUITests.swift */,
				76BE7D4C23F0B0D30005C90A /* Info.plist */,
			);
			path = Twitter_CloneUITests;
			sourceTree = "<group>";
		};
/* End PBXGroup section */

/* Begin PBXNativeTarget section */
		76BE7D2623F0B0D20005C90A /* Twitter_Clone */ = {
			isa = PBXNativeTarget;
			buildConfigurationList = 76BE7D4F23F0B0D30005C90A /* Build configuration list for PBXNativeTarget "Twitter_Clone" */;
			buildPhases = (
				76BE7D2323F0B0D20005C90A /* Sources */,
				76BE7D2423F0B0D20005C90A /* Frameworks */,
				76BE7D2523F0B0D20005C90A /* Resources */,
			);
			buildRules = (
			);
			dependencies = (
			);
			name = Twitter_Clone;
			productName = Twitter_Clone;
			productReference = 76BE7D2723F0B0D20005C90A /* Twitter_Clone.app */;
			productType = "com.apple.product-type.application";
		};
		76BE7D3A23F0B0D30005C90A /* Twitter_CloneTests */ = {
			isa = PBXNativeTarget;
			buildConfigurationList = 76BE7D5223F0B0D30005C90A /* Build configuration list for PBXNativeTarget "Twitter_CloneTests" */;
			buildPhases = (
				76BE7D3723F0B0D30005C90A /* Sources */,
				76BE7D3823F0B0D30005C90A /* Frameworks */,
				76BE7D3923F0B0D30005C90A /* Resources */,
			);
			buildRules = (
			);
			dependencies = (
				76BE7D3D23F0B0D30005C90A /* PBXTargetDependency */,
			);
			name = Twitter_CloneTests;
			productName = Twitter_CloneTests;
			productReference = 76BE7D3B23F0B0D30005C90A /* Twitter_CloneTests.xctest */;
			productType = "com.apple.product-type.bundle.unit-test";
		};
		76BE7D4523F0B0D30005C90A /* Twitter_CloneUITests */ = {
			isa = PBXNativeTarget;
			buildConfigurationList = 76BE7D5523F0B0D30005C90A /* Build configuration list for PBXNativeTarget "Twitter_CloneUITests" */;
			buildPhases = (
				76BE7D4223F0B0D30005C90A /* Sources */,
				76BE7D4323F0B0D30005C90A /* Frameworks */,
				76BE7D4423F0B0D30005C90A /* Resources */,
			);
			buildRules = (
			);
			dependencies = (
				76BE7D4823F0B0D30005C90A /* PBXTargetDependency */,
			);
			name = Twitter_CloneUITests;
			productName = Twitter_CloneUITests;
			productReference = 76BE7D4623F0B0D30005C90A /* Twitter_CloneUITests.xctest */;
			productType = "com.apple.product-type.bundle.ui-testing";
		};
/* End PBXNativeTarget section */

/* Begin PBXProject section */
		76BE7D1F23F0B0D20005C90A /* Project object */ = {
			isa = PBXProject;
			attributes = {
				LastSwiftUpdateCheck = 1030;
				LastUpgradeCheck = 1030;
				ORGANIZATIONNAME = "Viraat Das";
				TargetAttributes = {
					76BE7D2623F0B0D20005C90A = {
						CreatedOnToolsVersion = 10.3;
					};
					76BE7D3A23F0B0D30005C90A = {
						CreatedOnToolsVersion = 10.3;
						TestTargetID = 76BE7D2623F0B0D20005C90A;
					};
					76BE7D4523F0B0D30005C90A = {
						CreatedOnToolsVersion = 10.3;
						TestTargetID = 76BE7D2623F0B0D20005C90A;
					};
				};
			};
			buildConfigurationList = 76BE7D2223F0B0D20005C90A /* Build configuration list for PBXProject "Twitter_Clone" */;
			compatibilityVersion = "Xcode 9.3";
			developmentRegion = en;
			hasScannedForEncodings = 0;
			knownRegions = (
				en,
				Base,
			);
			mainGroup = 76BE7D1E23F0B0D20005C90A;
			productRefGroup = 76BE7D2823F0B0D20005C90A /* Products */;
			projectDirPath = "";
			projectRoot = "";
			targets = (
				76BE7D2623F0B0D20005C90A /* Twitter_Clone */,
				76BE7D3A23F0B0D30005C90A /* Twitter_CloneTests */,
				76BE7D4523F0B0D30005C90A /* Twitter_CloneUITests */,
			);
		};
/* End PBXProject section */

/* Begin PBXResourcesBuildPhase section */
		76BE7D2523F0B0D20005C90A /* Resources */ = {
			isa = PBXResourcesBuildPhase;
			buildActionMask = 2147483647;
			files = (
				76BE7D3523F0B0D30005C90A /* LaunchScreen.storyboard in Resources */,
				76BE7D3223F0B0D30005C90A /* Assets.xcassets in Resources */,
				76BE7D3023F0B0D20005C90A /* Main.storyboard in Resources */,
			);
			runOnlyForDeploymentPostprocessing = 0;
		};
		76BE7D3923F0B0D30005C90A /* Resources */ = {
			isa = PBXResourcesBuildPhase;
			buildActionMask = 2147483647;
			files = (
			);
			runOnlyForDeploymentPostprocessing = 0;
		};
		76BE7D4423F0B0D30005C90A /* Resources */ = {
			isa = PBXResourcesBuildPhase;
			buildActionMask = 2147483647;
			files = (
			);
			runOnlyForDeploymentPostprocessing = 0;
		};
/* End PBXResourcesBuildPhase section */

/* Begin PBXSourcesBuildPhase section */
		76BE7D2323F0B0D20005C90A /* Sources */ = {
			isa = PBXSourcesBuildPhase;
			buildActionMask = 2147483647;
			files = (
				76BE7D2D23F0B0D20005C90A /* ViewController.swift in Sources */,
				76BE7D2B23F0B0D20005C90A /* AppDelegate.swift in Sources */,
			);
			runOnlyForDeploymentPostprocessing = 0;
		};
		76BE7D3723F0B0D30005C90A /* Sources */ = {
			isa = PBXSourcesBuildPhase;
			buildActionMask = 2147483647;
			files = (
				76BE7D4023F0B0D30005C90A /* Twitter_CloneTests.swift in Sources */,
			);
			runOnlyForDeploymentPostprocessing = 0;
		};
		76BE7D4223F0B0D30005C90A /* Sources */ = {
			isa = PBXSourcesBuildPhase;
			buildActionMask = 2147483647;
			files = (
				76BE7D4B23F0B0D30005C90A /* Twitter_CloneUITests.swift in Sources */,
			);
			runOnlyForDeploymentPostprocessing = 0;
		};
/* End PBXSourcesBuildPhase section */

/* Begin PBXTargetDependency section */
		76BE7D3D23F0B0D30005C90A /* PBXTargetDependency */ = {
			isa = PBXTargetDependency;
			target = 76BE7D2623F0B0D20005C90A /* Twitter_Clone */;
			targetProxy = 76BE7D3C23F0B0D30005C90A /* PBXContainerItemProxy */;
		};
		76BE7D4823F0B0D30005C90A /* PBXTargetDependency */ = {
			isa = PBXTargetDependency;
			target = 76BE7D2623F0B0D20005C90A /* Twitter_Clone */;
			targetProxy = 76BE7D4723F0B0D30005C90A /* PBXContainerItemProxy */;
		};
/* End PBXTargetDependency section */

/* Begin PBXVariantGroup section */
		76BE7D2E23F0B0D20005C90A /* Main.storyboard */ = {
			isa = PBXVariantGroup;
			children = (
				76BE7D2F23F0B0D20005C90A /* Base */,
			);
			name = Main.storyboard;
			sourceTree = "<group>";
		};
		76BE7D3323F0B0D30005C90A /* LaunchScreen.storyboard */ = {
			isa = PBXVariantGroup;
			children = (
				76BE7D3423F0B0D30005C90A /* Base */,
			);
			name = LaunchScreen.storyboard;
			sourceTree = "<group>";
		};
/* End PBXVariantGroup section */

/* Begin XCBuildConfiguration section */
		76BE7D4D23F0B0D30005C90A /* Debug */ = {
			isa = XCBuildConfiguration;
			buildSettings = {
				ALWAYS_SEARCH_USER_PATHS = NO;
				CLANG_ANALYZER_NONNULL = YES;
				CLANG_ANALYZER_NUMBER_OBJECT_CONVERSION = YES_AGGRESSIVE;
				CLANG_CXX_LANGUAGE_STANDARD = "gnu++14";
				CLANG_CXX_LIBRARY = "libc++";
				CLANG_ENABLE_MODULES = YES;
				CLANG_ENABLE_OBJC_ARC = YES;
				CLANG_ENABLE_OBJC_WEAK = YES;
				CLANG_WARN_BLOCK_CAPTURE_AUTORELEASING = YES;
				CLANG_WARN_BOOL_CONVERSION = YES;
				CLANG_WARN_COMMA = YES;
				CLANG_WARN_CONSTANT_CONVERSION = YES;
				CLANG_WARN_DEPRECATED_OBJC_IMPLEMENTATIONS = YES;
				CLANG_WARN_DIRECT_OBJC_ISA_USAGE = YES_ERROR;
				CLANG_WARN_DOCUMENTATION_COMMENTS = YES;
				CLANG_WARN_EMPTY_BODY = YES;
				CLANG_WARN_ENUM_CONVERSION = YES;
				CLANG_WARN_INFINITE_RECURSION = YES;
				CLANG_WARN_INT_CONVERSION = YES;
				CLANG_WARN_NON_LITERAL_NULL_CONVERSION = YES;
				CLANG_WARN_OBJC_IMPLICIT_RETAIN_SELF = YES;
				CLANG_WARN_OBJC_LITERAL_CONVERSION = YES;
				CLANG_WARN_OBJC_ROOT_CLASS = YES_ERROR;
				CLANG_WARN_RANGE_LOOP_ANALYSIS = YES;
				CLANG_WARN_STRICT_PROTOTYPES = YES;
				CLANG_WARN_SUSPICIOUS_MOVE = YES;
				CLANG_WARN_UNGUARDED_AVAILABILITY = YES_AGGRESSIVE;
				CLANG_WARN_UNREACHABLE_CODE = YES;
				CLANG_WARN__DUPLICATE_METHOD_MATCH = YES;
				CODE_SIGN_IDENTITY = "iPhone Developer";
				COPY_PHASE_STRIP = NO;
				DEBUG_INFORMATION_FORMAT = dwarf;
				ENABLE_STRICT_OBJC_MSGSEND = YES;
				ENABLE_TESTABILITY = YES;
				GCC_C_LANGUAGE_STANDARD = gnu11;
				GCC_DYNAMIC_NO_PIC = NO;
				GCC_NO_COMMON_BLOCKS = YES;
				GCC_OPTIMIZATION_LEVEL = 0;
				GCC_PREPROCESSOR_DEFINITIONS = (
					"DEBUG=1",
					"$(inherited)",
				);
				GCC_WARN_64_TO_32_BIT_CONVERSION = YES;
				GCC_WARN_ABOUT_RETURN_TYPE = YES_ERROR;
				GCC_WARN_UNDECLARED_SELECTOR = YES;
				GCC_WARN_UNINITIALIZED_AUTOS = YES_AGGRESSIVE;
				GCC_WARN_UNUSED_FUNCTION = YES;
				GCC_WARN_UNUSED_VARIABLE = YES;
				IPHONEOS_DEPLOYMENT_TARGET = 12.4;
				MTL_ENABLE_DEBUG_INFO = INCLUDE_SOURCE;
				MTL_FAST_MATH = YES;
				ONLY_ACTIVE_ARCH = YES;
				SDKROOT = iphoneos;
				SWIFT_ACTIVE_COMPILATION_CONDITIONS = DEBUG;
				SWIFT_OPTIMIZATION_LEVEL = "-Onone";
			};
			name = Debug;
		};
		76BE7D4E23F0B0D30005C90A /* Release */ = {
			isa = XCBuildConfiguration;
			buildSettings = {
				ALWAYS_SEARCH_USER_PATHS = NO;
				CLANG_ANALYZER_NONNULL = YES;
				CLANG_ANALYZER_NUMBER_OBJECT_CONVERSION = YES_AGGRESSIVE;
				CLANG_CXX_LANGUAGE_STANDARD = "gnu++14";
				CLANG_CXX_LIBRARY = "libc++";
				CLANG_ENABLE_MODULES = YES;
				CLANG_ENABLE_OBJC_ARC = YES;
				CLANG_ENABLE_OBJC_WEAK = YES;
				CLANG_WARN_BLOCK_CAPTURE_AUTORELEASING = YES;
				CLANG_WARN_BOOL_CONVERSION = YES;
				CLANG_WARN_COMMA = YES;
				CLANG_WARN_CONSTANT_CONVERSION = YES;
				CLANG_WARN_DEPRECATED_OBJC_IMPLEMENTATIONS = YES;
				CLANG_WARN_DIRECT_OBJC_ISA_USAGE = YES_ERROR;
				CLANG_WARN_DOCUMENTATION_COMMENTS = YES;
				CLANG_WARN_EMPTY_BODY = YES;
				CLANG_WARN_ENUM_CONVERSION = YES;
				CLANG_WARN_INFINITE_RECURSION = YES;
				CLANG_WARN_INT_CONVERSION = YES;
				CLANG_WARN_NON_LITERAL_NULL_CONVERSION = YES;
				CLANG_WARN_OBJC_IMPLICIT_RETAIN_SELF = YES;
				CLANG_WARN_OBJC_LITERAL_CONVERSION = YES;
				CLANG_WARN_OBJC_ROOT_CLASS = YES_ERROR;
				CLANG_WARN_RANGE_LOOP_ANALYSIS = YES;
				CLANG_WARN_STRICT_PROTOTYPES = YES;
				CLANG_WARN_SUSPICIOUS_MOVE = YES;
				CLANG_WARN_UNGUARDED_AVAILABILITY = YES_AGGRESSIVE;
				CLANG_WARN_UNREACHABLE_CODE = YES;
				CLANG_WARN__DUPLICATE_METHOD_MATCH = YES;
				CODE_SIGN_IDENTITY = "iPhone Developer";
				COPY_PHASE_STRIP = NO;
				DEBUG_INFORMATION_FORMAT = "dwarf-with-dsym";
				ENABLE_NS_ASSERTIONS = NO;
				ENABLE_STRICT_OBJC_MSGSEND = YES;
				GCC_C_LANGUAGE_STANDARD = gnu11;
				GCC_NO_COMMON_BLOCKS = YES;
				GCC_WARN_64_TO_32_BIT_CONVERSION = YES;
				GCC_WARN_ABOUT_RETURN_TYPE = YES_ERROR;
				GCC_WARN_UNDECLARED_SELECTOR = YES;
				GCC_WARN_UNINITIALIZED_AUTOS = YES_AGGRESSIVE;
				GCC_WARN_UNUSED_FUNCTION = YES;
				GCC_WARN_UNUSED_VARIABLE = YES;
				IPHONEOS_DEPLOYMENT_TARGET = 12.4;
				MTL_ENABLE_DEBUG_INFO = NO;
				MTL_FAST_MATH = YES;
				SDKROOT = iphoneos;
				SWIFT_COMPILATION_MODE = wholemodule;
				SWIFT_OPTIMIZATION_LEVEL = "-O";
				VALIDATE_PRODUCT = YES;
			};
			name = Release;
		};
		76BE7D5023F0B0D30005C90A /* Debug */ = {
			isa = XCBuildConfiguration;
			buildSettings = {
				ASSETCATALOG_COMPILER_APPICON_NAME = AppIcon;
				CODE_SIGN_STYLE = Automatic;
				DEVELOPMENT_TEAM = T84G5TJ63F;
				INFOPLIST_FILE = Twitter_Clone/Info.plist;
				LD_RUNPATH_SEARCH_PATHS = (
					"$(inherited)",
					"@executable_path/Frameworks",
				);
				PRODUCT_BUNDLE_IDENTIFIER = "dasco.Twitter-Clone";
				PRODUCT_NAME = "$(TARGET_NAME)";
				SWIFT_VERSION = 5.0;
				TARGETED_DEVICE_FAMILY = "1,2";
			};
			name = Debug;
		};
		76BE7D5123F0B0D30005C90A /* Release */ = {
			isa = XCBuildConfiguration;
			buildSettings = {
				ASSETCATALOG_COMPILER_APPICON_NAME = AppIcon;
				CODE_SIGN_STYLE = Automatic;
				DEVELOPMENT_TEAM = T84G5TJ63F;
				INFOPLIST_FILE = Twitter_Clone/Info.plist;
				LD_RUNPATH_SEARCH_PATHS = (
					"$(inherited)",
					"@executable_path/Frameworks",
				);
				PRODUCT_BUNDLE_IDENTIFIER = "dasco.Twitter-Clone";
				PRODUCT_NAME = "$(TARGET_NAME)";
				SWIFT_VERSION = 5.0;
				TARGETED_DEVICE_FAMILY = "1,2";
			};
			name = Release;
		};
		76BE7D5323F0B0D30005C90A /* Debug */ = {
			isa = XCBuildConfiguration;
			buildSettings = {
				ALWAYS_EMBED_SWIFT_STANDARD_LIBRARIES = YES;
				BUNDLE_LOADER = "$(TEST_HOST)";
				CODE_SIGN_STYLE = Automatic;
				DEVELOPMENT_TEAM = T84G5TJ63F;
				INFOPLIST_FILE = Twitter_CloneTests/Info.plist;
				LD_RUNPATH_SEARCH_PATHS = (
					"$(inherited)",
					"@executable_path/Frameworks",
					"@loader_path/Frameworks",
				);
				PRODUCT_BUNDLE_IDENTIFIER = "dasco.Twitter-CloneTests";
				PRODUCT_NAME = "$(TARGET_NAME)";
				SWIFT_VERSION = 5.0;
				TARGETED_DEVICE_FAMILY = "1,2";
				TEST_HOST = "$(BUILT_PRODUCTS_DIR)/Twitter_Clone.app/Twitter_Clone";
			};
			name = Debug;
		};
		76BE7D5423F0B0D30005C90A /* Release */ = {
			isa = XCBuildConfiguration;
			buildSettings = {
				ALWAYS_EMBED_SWIFT_STANDARD_LIBRARIES = YES;
				BUNDLE_LOADER = "$(TEST_HOST)";
				CODE_SIGN_STYLE = Automatic;
				DEVELOPMENT_TEAM = T84G5TJ63F;
				INFOPLIST_FILE = Twitter_CloneTests/Info.plist;
				LD_RUNPATH_SEARCH_PATHS = (
					"$(inherited)",
					"@executable_path/Frameworks",
					"@loader_path/Frameworks",
				);
				PRODUCT_BUNDLE_IDENTIFIER = "dasco.Twitter-CloneTests";
				PRODUCT_NAME = "$(TARGET_NAME)";
				SWIFT_VERSION = 5.0;
				TARGETED_DEVICE_FAMILY = "1,2";
				TEST_HOST = "$(BUILT_PRODUCTS_DIR)/Twitter_Clone.app/Twitter_Clone";
			};
			name = Release;
		};
		76BE7D5623F0B0D30005C90A /* Debug */ = {
			isa = XCBuildConfiguration;
			buildSettings = {
				ALWAYS_EMBED_SWIFT_STANDARD_LIBRARIES = YES;
				CODE_SIGN_STYLE = Automatic;
				DEVELOPMENT_TEAM = T84G5TJ63F;
				INFOPLIST_FILE = Twitter_CloneUITests/Info.plist;
				LD_RUNPATH_SEARCH_PATHS = (
					"$(inherited)",
					"@executable_path/Frameworks",
					"@loader_path/Frameworks",
				);
				PRODUCT_BUNDLE_IDENTIFIER = "dasco.Twitter-CloneUITests";
				PRODUCT_NAME = "$(TARGET_NAME)";
				SWIFT_VERSION = 5.0;
				TARGETED_DEVICE_FAMILY = "1,2";
				TEST_TARGET_NAME = Twitter_Clone;
			};
			name = Debug;
		};
		76BE7D5723F0B0D30005C90A /* Release */ = {
			isa = XCBuildConfiguration;
			buildSettings = {
				ALWAYS_EMBED_SWIFT_STANDARD_LIBRARIES = YES;
				CODE_SIGN_STYLE = Automatic;
				DEVELOPMENT_TEAM = T84G5TJ63F;
				INFOPLIST_FILE = Twitter_CloneUITests/Info.plist;
				LD_RUNPATH_SEARCH_PATHS = (
					"$(inherited)",
					"@executable_path/Frameworks",
					"@loader_path/Frameworks",
				);
				PRODUCT_BUNDLE_IDENTIFIER = "dasco.Twitter-CloneUITests";
				PRODUCT_NAME = "$(TARGET_NAME)";
				SWIFT_VERSION = 5.0;
				TARGETED_DEVICE_FAMILY = "1,2";
				TEST_TARGET_NAME = Twitter_Clone;
			};
			name = Release;
		};
/* End XCBuildConfiguration section */

/* Begin XCConfigurationList section */
		76BE7D2223F0B0D20005C90A /* Build configuration list for PBXProject "Twitter_Clone" */ = {
			isa = XCConfigurationList;
			buildConfigurations = (
				76BE7D4D23F0B0D30005C90A /* Debug */,
				76BE7D4E23F0B0D30005C90A /* Release */,
			);
			defaultConfigurationIsVisible = 0;
			defaultConfigurationName = Release;
		};
		76BE7D4F23F0B0D30005C90A /* Build configuration list for PBXNativeTarget "Twitter_Clone" */ = {
			isa = XCConfigurationList;
			buildConfigurations = (
				76BE7D5023F0B0D30005C90A /* Debug */,
				76BE7D5123F0B0D30005C90A /* Release */,
			);
			defaultConfigurationIsVisible = 0;
			defaultConfigurationName = Release;
		};
		76BE7D5223F0B0D30005C90A /* Build configuration list for PBXNativeTarget "Twitter_CloneTests" */ = {
			isa = XCConfigurationList;
			buildConfigurations = (
				76BE7D5323F0B0D30005C90A /* Debug */,
				76BE7D5423F0B0D30005C90A /* Release */,
			);
			defaultConfigurationIsVisible = 0;
			defaultConfigurationName = Release;
		};
		76BE7D5523F0B0D30005C90A /* Build configuration list for PBXNativeTarget "Twitter_CloneUITests" */ = {
			isa = XCConfigurationList;
			buildConfigurations = (
				76BE7D5623F0B0D30005C90A /* Debug */,
				76BE7D5723F0B0D30005C90A /* Release */,
			);
			defaultConfigurationIsVisible = 0;
			defaultConfigurationName = Release;
		};
/* End XCConfigurationList section */
	};
	rootObject = 76BE7D1F23F0B0D20005C90A /* Project object */;
}
